// !$*UTF8*$!
{
	archiveVersion = 1;
	classes = {
	};
	objectVersion = 50;
	objects = {

/* Begin PBXBuildFile section */
		2333FBACA3A4A46F1BB3F008 /* Pods_CountMeIn.framework in Frameworks */ = {isa = PBXBuildFile; fileRef = 8A17FA0ECF8268779016EDFC /* Pods_CountMeIn.framework */; };
		8CB9F31B20FE5488005C7544 /* AppDelegate.swift in Sources */ = {isa = PBXBuildFile; fileRef = 8CB9F31A20FE5488005C7544 /* AppDelegate.swift */; };
		8CB9F31D20FE5488005C7544 /* ViewController.swift in Sources */ = {isa = PBXBuildFile; fileRef = 8CB9F31C20FE5488005C7544 /* ViewController.swift */; };
		8CB9F32020FE5488005C7544 /* Main.storyboard in Resources */ = {isa = PBXBuildFile; fileRef = 8CB9F31E20FE5488005C7544 /* Main.storyboard */; };
		8CB9F32220FE548A005C7544 /* Assets.xcassets in Resources */ = {isa = PBXBuildFile; fileRef = 8CB9F32120FE548A005C7544 /* Assets.xcassets */; };
		8CB9F32520FE548A005C7544 /* LaunchScreen.storyboard in Resources */ = {isa = PBXBuildFile; fileRef = 8CB9F32320FE548A005C7544 /* LaunchScreen.storyboard */; };
		8CB9F33820FE63B4005C7544 /* Login.storyboard in Resources */ = {isa = PBXBuildFile; fileRef = 8CB9F33720FE63B4005C7544 /* Login.storyboard */; };
		8CB9F33A20FE6759005C7544 /* LoginViewController.swift in Sources */ = {isa = PBXBuildFile; fileRef = 8CB9F33920FE6759005C7544 /* LoginViewController.swift */; };
/* End PBXBuildFile section */

/* Begin PBXFileReference section */
		416FA9D2C316BC9EA2E10A3E /* Pods-CountMeIn.debug.xcconfig */ = {isa = PBXFileReference; includeInIndex = 1; lastKnownFileType = text.xcconfig; name = "Pods-CountMeIn.debug.xcconfig"; path = "Pods/Target Support Files/Pods-CountMeIn/Pods-CountMeIn.debug.xcconfig"; sourceTree = "<group>"; };
		8A17FA0ECF8268779016EDFC /* Pods_CountMeIn.framework */ = {isa = PBXFileReference; explicitFileType = wrapper.framework; includeInIndex = 0; path = Pods_CountMeIn.framework; sourceTree = BUILT_PRODUCTS_DIR; };
		8CB9F31720FE5488005C7544 /* CountMeIn.app */ = {isa = PBXFileReference; explicitFileType = wrapper.application; includeInIndex = 0; path = CountMeIn.app; sourceTree = BUILT_PRODUCTS_DIR; };
		8CB9F31A20FE5488005C7544 /* AppDelegate.swift */ = {isa = PBXFileReference; lastKnownFileType = sourcecode.swift; path = AppDelegate.swift; sourceTree = "<group>"; };
		8CB9F31C20FE5488005C7544 /* ViewController.swift */ = {isa = PBXFileReference; lastKnownFileType = sourcecode.swift; path = ViewController.swift; sourceTree = "<group>"; };
		8CB9F31F20FE5488005C7544 /* Base */ = {isa = PBXFileReference; lastKnownFileType = file.storyboard; name = Base; path = Base.lproj/Main.storyboard; sourceTree = "<group>"; };
		8CB9F32120FE548A005C7544 /* Assets.xcassets */ = {isa = PBXFileReference; lastKnownFileType = folder.assetcatalog; path = Assets.xcassets; sourceTree = "<group>"; };
		8CB9F32420FE548A005C7544 /* Base */ = {isa = PBXFileReference; lastKnownFileType = file.storyboard; name = Base; path = Base.lproj/LaunchScreen.storyboard; sourceTree = "<group>"; };
		8CB9F32620FE548A005C7544 /* Info.plist */ = {isa = PBXFileReference; lastKnownFileType = text.plist.xml; path = Info.plist; sourceTree = "<group>"; };
		8CB9F33620FE5DE5005C7544 /* GoogleService-Info.plist */ = {isa = PBXFileReference; lastKnownFileType = text.plist.xml; path = "GoogleService-Info.plist"; sourceTree = "<group>"; };
		8CB9F33720FE63B4005C7544 /* Login.storyboard */ = {isa = PBXFileReference; lastKnownFileType = file.storyboard; path = Login.storyboard; sourceTree = "<group>"; };
		8CB9F33920FE6759005C7544 /* LoginViewController.swift */ = {isa = PBXFileReference; lastKnownFileType = sourcecode.swift; path = LoginViewController.swift; sourceTree = "<group>"; };
		9B0EB26C456F15F8DFAC4453 /* Pods-CountMeIn.release.xcconfig */ = {isa = PBXFileReference; includeInIndex = 1; lastKnownFileType = text.xcconfig; name = "Pods-CountMeIn.release.xcconfig"; path = "Pods/Target Support Files/Pods-CountMeIn/Pods-CountMeIn.release.xcconfig"; sourceTree = "<group>"; };
/* End PBXFileReference section */

/* Begin PBXFrameworksBuildPhase section */
		8CB9F31420FE5488005C7544 /* Frameworks */ = {
			isa = PBXFrameworksBuildPhase;
			buildActionMask = 2147483647;
			files = (
				2333FBACA3A4A46F1BB3F008 /* Pods_CountMeIn.framework in Frameworks */,
			);
			runOnlyForDeploymentPostprocessing = 0;
		};
/* End PBXFrameworksBuildPhase section */

/* Begin PBXGroup section */
		816702E9115AF9D947F8E6EA /* Pods */ = {
			isa = PBXGroup;
			children = (
				416FA9D2C316BC9EA2E10A3E /* Pods-CountMeIn.debug.xcconfig */,
				9B0EB26C456F15F8DFAC4453 /* Pods-CountMeIn.release.xcconfig */,
			);
			name = Pods;
			sourceTree = "<group>";
		};
		8CB9F30E20FE5488005C7544 = {
			isa = PBXGroup;
			children = (
				8CB9F31920FE5488005C7544 /* CountMeIn */,
				8CB9F31820FE5488005C7544 /* Products */,
				816702E9115AF9D947F8E6EA /* Pods */,
				D5135E1F16FDC2A56F9E3DEC /* Frameworks */,
			);
			sourceTree = "<group>";
		};
		8CB9F31820FE5488005C7544 /* Products */ = {
			isa = PBXGroup;
			children = (
				8CB9F31720FE5488005C7544 /* CountMeIn.app */,
			);
			name = Products;
			sourceTree = "<group>";
		};
		8CB9F31920FE5488005C7544 /* CountMeIn */ = {
			isa = PBXGroup;
			children = (
				8CB9F31A20FE5488005C7544 /* AppDelegate.swift */,
				8CB9F33520FE5D98005C7544 /* Supporting */,
				8CB9F33420FE5D89005C7544 /* Services */,
				8CB9F33320FE5D74005C7544 /* Models */,
				8CB9F33220FE5D68005C7544 /* Helpers */,
				8CB9F33120FE5D1A005C7544 /* Extensions */,
				8CB9F33020FE5CAA005C7544 /* Views */,
				8CB9F32F20FE5C93005C7544 /* Storyboards */,
				8CB9F32E20FE5C7D005C7544 /* Controllers */,
				8CB9F32120FE548A005C7544 /* Assets.xcassets */,
			);
			path = CountMeIn;
			sourceTree = "<group>";
		};
		8CB9F32E20FE5C7D005C7544 /* Controllers */ = {
			isa = PBXGroup;
			children = (
				8CB9F31C20FE5488005C7544 /* ViewController.swift */,
				8CB9F33920FE6759005C7544 /* LoginViewController.swift */,
			);
			path = Controllers;
			sourceTree = "<group>";
		};
		8CB9F32F20FE5C93005C7544 /* Storyboards */ = {
			isa = PBXGroup;
			children = (
				8CB9F32320FE548A005C7544 /* LaunchScreen.storyboard */,
				8CB9F31E20FE5488005C7544 /* Main.storyboard */,
				8CB9F33720FE63B4005C7544 /* Login.storyboard */,
			);
			path = Storyboards;
			sourceTree = "<group>";
		};
		8CB9F33020FE5CAA005C7544 /* Views */ = {
			isa = PBXGroup;
			children = (
			);
			path = Views;
			sourceTree = "<group>";
		};
		8CB9F33120FE5D1A005C7544 /* Extensions */ = {
			isa = PBXGroup;
			children = (
			);
			path = Extensions;
			sourceTree = "<group>";
		};
		8CB9F33220FE5D68005C7544 /* Helpers */ = {
			isa = PBXGroup;
			children = (
			);
			path = Helpers;
			sourceTree = "<group>";
		};
		8CB9F33320FE5D74005C7544 /* Models */ = {
			isa = PBXGroup;
			children = (
			);
			path = Models;
			sourceTree = "<group>";
		};
		8CB9F33420FE5D89005C7544 /* Services */ = {
			isa = PBXGroup;
			children = (
			);
			path = Services;
			sourceTree = "<group>";
		};
		8CB9F33520FE5D98005C7544 /* Supporting */ = {
			isa = PBXGroup;
			children = (
				8CB9F32620FE548A005C7544 /* Info.plist */,
				8CB9F33620FE5DE5005C7544 /* GoogleService-Info.plist */,
			);
			path = Supporting;
			sourceTree = "<group>";
		};
		D5135E1F16FDC2A56F9E3DEC /* Frameworks */ = {
			isa = PBXGroup;
			children = (
				8A17FA0ECF8268779016EDFC /* Pods_CountMeIn.framework */,
			);
			name = Frameworks;
			sourceTree = "<group>";
		};
/* End PBXGroup section */

/* Begin PBXNativeTarget section */
		8CB9F31620FE5488005C7544 /* CountMeIn */ = {
			isa = PBXNativeTarget;
			buildConfigurationList = 8CB9F32920FE548A005C7544 /* Build configuration list for PBXNativeTarget "CountMeIn" */;
			buildPhases = (
				08044F677EE1CB61A4AF82F6 /* [CP] Check Pods Manifest.lock */,
				8CB9F31320FE5488005C7544 /* Sources */,
				8CB9F31420FE5488005C7544 /* Frameworks */,
				8CB9F31520FE5488005C7544 /* Resources */,
				70C00CF760878D64E709CEE5 /* [CP] Embed Pods Frameworks */,
				006499F08EA602C6E8DE8EA9 /* [CP] Copy Pods Resources */,
			);
			buildRules = (
			);
			dependencies = (
			);
			name = CountMeIn;
			productName = CountMeIn;
			productReference = 8CB9F31720FE5488005C7544 /* CountMeIn.app */;
			productType = "com.apple.product-type.application";
		};
/* End PBXNativeTarget section */

/* Begin PBXProject section */
		8CB9F30F20FE5488005C7544 /* Project object */ = {
			isa = PBXProject;
			attributes = {
				LastSwiftUpdateCheck = 0940;
				LastUpgradeCheck = 0940;
				ORGANIZATIONNAME = "Make School";
				TargetAttributes = {
					8CB9F31620FE5488005C7544 = {
						CreatedOnToolsVersion = 9.4.1;
					};
				};
			};
			buildConfigurationList = 8CB9F31220FE5488005C7544 /* Build configuration list for PBXProject "CountMeIn" */;
			compatibilityVersion = "Xcode 9.3";
			developmentRegion = en;
			hasScannedForEncodings = 0;
			knownRegions = (
				en,
				Base,
			);
			mainGroup = 8CB9F30E20FE5488005C7544;
			productRefGroup = 8CB9F31820FE5488005C7544 /* Products */;
			projectDirPath = "";
			projectRoot = "";
			targets = (
				8CB9F31620FE5488005C7544 /* CountMeIn */,
			);
		};
/* End PBXProject section */

/* Begin PBXResourcesBuildPhase section */
		8CB9F31520FE5488005C7544 /* Resources */ = {
			isa = PBXResourcesBuildPhase;
			buildActionMask = 2147483647;
			files = (
				8CB9F33820FE63B4005C7544 /* Login.storyboard in Resources */,
				8CB9F32520FE548A005C7544 /* LaunchScreen.storyboard in Resources */,
				8CB9F32220FE548A005C7544 /* Assets.xcassets in Resources */,
				8CB9F32020FE5488005C7544 /* Main.storyboard in Resources */,
			);
			runOnlyForDeploymentPostprocessing = 0;
		};
/* End PBXResourcesBuildPhase section */

/* Begin PBXShellScriptBuildPhase section */
		006499F08EA602C6E8DE8EA9 /* [CP] Copy Pods Resources */ = {
			isa = PBXShellScriptBuildPhase;
			buildActionMask = 2147483647;
			files = (
			);
			inputPaths = (
				"${SRCROOT}/Pods/Target Support Files/Pods-CountMeIn/Pods-CountMeIn-resources.sh",
				"${PODS_CONFIGURATION_BUILD_DIR}/FirebaseUI/FirebaseAuthUI.bundle",
			);
			name = "[CP] Copy Pods Resources";
			outputPaths = (
				"${TARGET_BUILD_DIR}/${UNLOCALIZED_RESOURCES_FOLDER_PATH}/FirebaseAuthUI.bundle",
			);
			runOnlyForDeploymentPostprocessing = 0;
			shellPath = /bin/sh;
			shellScript = "\"${SRCROOT}/Pods/Target Support Files/Pods-CountMeIn/Pods-CountMeIn-resources.sh\"\n";
			showEnvVarsInLog = 0;
		};
		08044F677EE1CB61A4AF82F6 /* [CP] Check Pods Manifest.lock */ = {
			isa = PBXShellScriptBuildPhase;
			buildActionMask = 2147483647;
			files = (
			);
			inputPaths = (
				"${PODS_PODFILE_DIR_PATH}/Podfile.lock",
				"${PODS_ROOT}/Manifest.lock",
			);
			name = "[CP] Check Pods Manifest.lock";
			outputPaths = (
				"$(DERIVED_FILE_DIR)/Pods-CountMeIn-checkManifestLockResult.txt",
			);
			runOnlyForDeploymentPostprocessing = 0;
			shellPath = /bin/sh;
			shellScript = "diff \"${PODS_PODFILE_DIR_PATH}/Podfile.lock\" \"${PODS_ROOT}/Manifest.lock\" > /dev/null\nif [ $? != 0 ] ; then\n    # print error to STDERR\n    echo \"error: The sandbox is not in sync with the Podfile.lock. Run 'pod install' or update your CocoaPods installation.\" >&2\n    exit 1\nfi\n# This output is used by Xcode 'outputs' to avoid re-running this script phase.\necho \"SUCCESS\" > \"${SCRIPT_OUTPUT_FILE_0}\"\n";
			showEnvVarsInLog = 0;
		};
		70C00CF760878D64E709CEE5 /* [CP] Embed Pods Frameworks */ = {
			isa = PBXShellScriptBuildPhase;
			buildActionMask = 2147483647;
			files = (
			);
			inputPaths = (
				"${SRCROOT}/Pods/Target Support Files/Pods-CountMeIn/Pods-CountMeIn-frameworks.sh",
				"${BUILT_PRODUCTS_DIR}/GTMSessionFetcher/GTMSessionFetcher.framework",
				"${BUILT_PRODUCTS_DIR}/GoogleToolboxForMac/GoogleToolboxForMac.framework",
				"${BUILT_PRODUCTS_DIR}/leveldb-library/leveldb.framework",
				"${BUILT_PRODUCTS_DIR}/nanopb/nanopb.framework",
			);
			name = "[CP] Embed Pods Frameworks";
			outputPaths = (
				"${TARGET_BUILD_DIR}/${FRAMEWORKS_FOLDER_PATH}/GTMSessionFetcher.framework",
				"${TARGET_BUILD_DIR}/${FRAMEWORKS_FOLDER_PATH}/GoogleToolboxForMac.framework",
				"${TARGET_BUILD_DIR}/${FRAMEWORKS_FOLDER_PATH}/leveldb.framework",
				"${TARGET_BUILD_DIR}/${FRAMEWORKS_FOLDER_PATH}/nanopb.framework",
			);
			runOnlyForDeploymentPostprocessing = 0;
			shellPath = /bin/sh;
			shellScript = "\"${SRCROOT}/Pods/Target Support Files/Pods-CountMeIn/Pods-CountMeIn-frameworks.sh\"\n";
			showEnvVarsInLog = 0;
		};
/* End PBXShellScriptBuildPhase section */

/* Begin PBXSourcesBuildPhase section */
		8CB9F31320FE5488005C7544 /* Sources */ = {
			isa = PBXSourcesBuildPhase;
			buildActionMask = 2147483647;
			files = (
				8CB9F33A20FE6759005C7544 /* LoginViewController.swift in Sources */,
				8CB9F31D20FE5488005C7544 /* ViewController.swift in Sources */,
				8CB9F31B20FE5488005C7544 /* AppDelegate.swift in Sources */,
			);
			runOnlyForDeploymentPostprocessing = 0;
		};
/* End PBXSourcesBuildPhase section */

/* Begin PBXVariantGroup section */
		8CB9F31E20FE5488005C7544 /* Main.storyboard */ = {
			isa = PBXVariantGroup;
			children = (
				8CB9F31F20FE5488005C7544 /* Base */,
			);
			name = Main.storyboard;
			sourceTree = "<group>";
		};
		8CB9F32320FE548A005C7544 /* LaunchScreen.storyboard */ = {
			isa = PBXVariantGroup;
			children = (
				8CB9F32420FE548A005C7544 /* Base */,
			);
			name = LaunchScreen.storyboard;
			sourceTree = "<group>";
		};
/* End PBXVariantGroup section */

/* Begin XCBuildConfiguration section */
		8CB9F32720FE548A005C7544 /* Debug */ = {
			isa = XCBuildConfiguration;
			buildSettings = {
				ALWAYS_SEARCH_USER_PATHS = NO;
				CLANG_ANALYZER_NONNULL = YES;
				CLANG_ANALYZER_NUMBER_OBJECT_CONVERSION = YES_AGGRESSIVE;
				CLANG_CXX_LANGUAGE_STANDARD = "gnu++14";
				CLANG_CXX_LIBRARY = "libc++";
				CLANG_ENABLE_MODULES = YES;
				CLANG_ENABLE_OBJC_ARC = YES;
				CLANG_ENABLE_OBJC_WEAK = YES;
				CLANG_WARN_BLOCK_CAPTURE_AUTORELEASING = YES;
				CLANG_WARN_BOOL_CONVERSION = YES;
				CLANG_WARN_COMMA = YES;
				CLANG_WARN_CONSTANT_CONVERSION = YES;
				CLANG_WARN_DEPRECATED_OBJC_IMPLEMENTATIONS = YES;
				CLANG_WARN_DIRECT_OBJC_ISA_USAGE = YES_ERROR;
				CLANG_WARN_DOCUMENTATION_COMMENTS = YES;
				CLANG_WARN_EMPTY_BODY = YES;
				CLANG_WARN_ENUM_CONVERSION = YES;
				CLANG_WARN_INFINITE_RECURSION = YES;
				CLANG_WARN_INT_CONVERSION = YES;
				CLANG_WARN_NON_LITERAL_NULL_CONVERSION = YES;
				CLANG_WARN_OBJC_IMPLICIT_RETAIN_SELF = YES;
				CLANG_WARN_OBJC_LITERAL_CONVERSION = YES;
				CLANG_WARN_OBJC_ROOT_CLASS = YES_ERROR;
				CLANG_WARN_RANGE_LOOP_ANALYSIS = YES;
				CLANG_WARN_STRICT_PROTOTYPES = YES;
				CLANG_WARN_SUSPICIOUS_MOVE = YES;
				CLANG_WARN_UNGUARDED_AVAILABILITY = YES_AGGRESSIVE;
				CLANG_WARN_UNREACHABLE_CODE = YES;
				CLANG_WARN__DUPLICATE_METHOD_MATCH = YES;
				CODE_SIGN_IDENTITY = "iPhone Developer";
				COPY_PHASE_STRIP = NO;
				DEBUG_INFORMATION_FORMAT = dwarf;
				ENABLE_STRICT_OBJC_MSGSEND = YES;
				ENABLE_TESTABILITY = YES;
				GCC_C_LANGUAGE_STANDARD = gnu11;
				GCC_DYNAMIC_NO_PIC = NO;
				GCC_NO_COMMON_BLOCKS = YES;
				GCC_OPTIMIZATION_LEVEL = 0;
				GCC_PREPROCESSOR_DEFINITIONS = (
					"DEBUG=1",
					"$(inherited)",
				);
				GCC_WARN_64_TO_32_BIT_CONVERSION = YES;
				GCC_WARN_ABOUT_RETURN_TYPE = YES_ERROR;
				GCC_WARN_UNDECLARED_SELECTOR = YES;
				GCC_WARN_UNINITIALIZED_AUTOS = YES_AGGRESSIVE;
				GCC_WARN_UNUSED_FUNCTION = YES;
				GCC_WARN_UNUSED_VARIABLE = YES;
				IPHONEOS_DEPLOYMENT_TARGET = 11.4;
				MTL_ENABLE_DEBUG_INFO = YES;
				ONLY_ACTIVE_ARCH = YES;
				SDKROOT = iphoneos;
				SWIFT_ACTIVE_COMPILATION_CONDITIONS = DEBUG;
				SWIFT_OPTIMIZATION_LEVEL = "-Onone";
			};
			name = Debug;
		};
		8CB9F32820FE548A005C7544 /* Release */ = {
			isa = XCBuildConfiguration;
			buildSettings = {
				ALWAYS_SEARCH_USER_PATHS = NO;
				CLANG_ANALYZER_NONNULL = YES;
				CLANG_ANALYZER_NUMBER_OBJECT_CONVERSION = YES_AGGRESSIVE;
				CLANG_CXX_LANGUAGE_STANDARD = "gnu++14";
				CLANG_CXX_LIBRARY = "libc++";
				CLANG_ENABLE_MODULES = YES;
				CLANG_ENABLE_OBJC_ARC = YES;
				CLANG_ENABLE_OBJC_WEAK = YES;
				CLANG_WARN_BLOCK_CAPTURE_AUTORELEASING = YES;
				CLANG_WARN_BOOL_CONVERSION = YES;
				CLANG_WARN_COMMA = YES;
				CLANG_WARN_CONSTANT_CONVERSION = YES;
				CLANG_WARN_DEPRECATED_OBJC_IMPLEMENTATIONS = YES;
				CLANG_WARN_DIRECT_OBJC_ISA_USAGE = YES_ERROR;
				CLANG_WARN_DOCUMENTATION_COMMENTS = YES;
				CLANG_WARN_EMPTY_BODY = YES;
				CLANG_WARN_ENUM_CONVERSION = YES;
				CLANG_WARN_INFINITE_RECURSION = YES;
				CLANG_WARN_INT_CONVERSION = YES;
				CLANG_WARN_NON_LITERAL_NULL_CONVERSION = YES;
				CLANG_WARN_OBJC_IMPLICIT_RETAIN_SELF = YES;
				CLANG_WARN_OBJC_LITERAL_CONVERSION = YES;
				CLANG_WARN_OBJC_ROOT_CLASS = YES_ERROR;
				CLANG_WARN_RANGE_LOOP_ANALYSIS = YES;
				CLANG_WARN_STRICT_PROTOTYPES = YES;
				CLANG_WARN_SUSPICIOUS_MOVE = YES;
				CLANG_WARN_UNGUARDED_AVAILABILITY = YES_AGGRESSIVE;
				CLANG_WARN_UNREACHABLE_CODE = YES;
				CLANG_WARN__DUPLICATE_METHOD_MATCH = YES;
				CODE_SIGN_IDENTITY = "iPhone Developer";
				COPY_PHASE_STRIP = NO;
				DEBUG_INFORMATION_FORMAT = "dwarf-with-dsym";
				ENABLE_NS_ASSERTIONS = NO;
				ENABLE_STRICT_OBJC_MSGSEND = YES;
				GCC_C_LANGUAGE_STANDARD = gnu11;
				GCC_NO_COMMON_BLOCKS = YES;
				GCC_WARN_64_TO_32_BIT_CONVERSION = YES;
				GCC_WARN_ABOUT_RETURN_TYPE = YES_ERROR;
				GCC_WARN_UNDECLARED_SELECTOR = YES;
				GCC_WARN_UNINITIALIZED_AUTOS = YES_AGGRESSIVE;
				GCC_WARN_UNUSED_FUNCTION = YES;
				GCC_WARN_UNUSED_VARIABLE = YES;
				IPHONEOS_DEPLOYMENT_TARGET = 11.4;
				MTL_ENABLE_DEBUG_INFO = NO;
				SDKROOT = iphoneos;
				SWIFT_COMPILATION_MODE = wholemodule;
				SWIFT_OPTIMIZATION_LEVEL = "-O";
				VALIDATE_PRODUCT = YES;
			};
			name = Release;
		};
		8CB9F32A20FE548A005C7544 /* Debug */ = {
			isa = XCBuildConfiguration;
			baseConfigurationReference = 416FA9D2C316BC9EA2E10A3E /* Pods-CountMeIn.debug.xcconfig */;
			buildSettings = {
				ASSETCATALOG_COMPILER_APPICON_NAME = AppIcon;
				CODE_SIGN_STYLE = Automatic;
				INFOPLIST_FILE = "$(SRCROOT)/CountMeIn/Supporting/Info.plist";
				LD_RUNPATH_SEARCH_PATHS = (
					"$(inherited)",
					"@executable_path/Frameworks",
				);
				PRODUCT_BUNDLE_IDENTIFIER = com.ricardozamora.CountMeIn;
				PRODUCT_NAME = "$(TARGET_NAME)";
				SWIFT_VERSION = 4.0;
				TARGETED_DEVICE_FAMILY = "1,2";
			};
			name = Debug;
		};
		8CB9F32B20FE548A005C7544 /* Release */ = {
			isa = XCBuildConfiguration;
			baseConfigurationReference = 9B0EB26C456F15F8DFAC4453 /* Pods-CountMeIn.release.xcconfig */;
			buildSettings = {
				ASSETCATALOG_COMPILER_APPICON_NAME = AppIcon;
				CODE_SIGN_STYLE = Automatic;
				INFOPLIST_FILE = "$(SRCROOT)/CountMeIn/Supporting/Info.plist";
				LD_RUNPATH_SEARCH_PATHS = (
					"$(inherited)",
					"@executable_path/Frameworks",
				);
				PRODUCT_BUNDLE_IDENTIFIER = com.ricardozamora.CountMeIn;
				PRODUCT_NAME = "$(TARGET_NAME)";
				SWIFT_VERSION = 4.0;
				TARGETED_DEVICE_FAMILY = "1,2";
			};
			name = Release;
		};
/* End XCBuildConfiguration section */

/* Begin XCConfigurationList section */
		8CB9F31220FE5488005C7544 /* Build configuration list for PBXProject "CountMeIn" */ = {
			isa = XCConfigurationList;
			buildConfigurations = (
				8CB9F32720FE548A005C7544 /* Debug */,
				8CB9F32820FE548A005C7544 /* Release */,
			);
			defaultConfigurationIsVisible = 0;
			defaultConfigurationName = Release;
		};
		8CB9F32920FE548A005C7544 /* Build configuration list for PBXNativeTarget "CountMeIn" */ = {
			isa = XCConfigurationList;
			buildConfigurations = (
				8CB9F32A20FE548A005C7544 /* Debug */,
				8CB9F32B20FE548A005C7544 /* Release */,
			);
			defaultConfigurationIsVisible = 0;
			defaultConfigurationName = Release;
		};
/* End XCConfigurationList section */
	};
	rootObject = 8CB9F30F20FE5488005C7544 /* Project object */;
}
